
Microsoft Visual Studio Solution File, Format Version 12.00
# Visual Studio Version 17
VisualStudioVersion = 17.0.31903.59
MinimumVisualStudioVersion = 10.0.40219.1
Project("{9A19103F-16F7-4668-BE54-9A1E7A4F7556}") = "StockQuoteBot", "StockQuoteBot\StockQuoteBot.csproj", "{68180A98-2018-408D-8057-DC326180EFB9}"
EndProject
Project("{9A19103F-16F7-4668-BE54-9A1E7A4F7556}") = "ChatApp", "ChatApp\ChatApp.csproj", "{3C99F61F-C169-474D-A409-2C05BAE9914C}"
EndProject
Global
	GlobalSection(SolutionConfigurationPlatforms) = preSolution
		Debug|Any CPU = Debug|Any CPU
		Release|Any CPU = Release|Any CPU
	EndGlobalSection
	GlobalSection(ProjectConfigurationPlatforms) = postSolution
		{68180A98-2018-408D-8057-DC326180EFB9}.Debug|Any CPU.ActiveCfg = Debug|Any CPU
		{68180A98-2018-408D-8057-DC326180EFB9}.Debug|Any CPU.Build.0 = Debug|Any CPU
		{68180A98-2018-408D-8057-DC326180EFB9}.Release|Any CPU.ActiveCfg = Release|Any CPU
		{68180A98-2018-408D-8057-DC326180EFB9}.Release|Any CPU.Build.0 = Release|Any CPU
		{3C99F61F-C169-474D-A409-2C05BAE9914C}.Debug|Any CPU.ActiveCfg = Debug|Any CPU
		{3C99F61F-C169-474D-A409-2C05BAE9914C}.Debug|Any CPU.Build.0 = Debug|Any CPU
		{3C99F61F-C169-474D-A409-2C05BAE9914C}.Release|Any CPU.ActiveCfg = Release|Any CPU
		{3C99F61F-C169-474D-A409-2C05BAE9914C}.Release|Any CPU.Build.0 = Release|Any CPU
	EndGlobalSection
	GlobalSection(SolutionProperties) = preSolution
		HideSolutionNode = FALSE
	EndGlobalSection
	GlobalSection(ExtensibilityGlobals) = postSolution
		SolutionGuid = {E87B8862-97EA-446E-92D0-4C0FAFFEC8EC}
	EndGlobalSection
EndGlobal
